// !$*UTF8*$!
{
	archiveVersion = 1;
	classes = {
	};
	objectVersion = 46;
	objects = {

/* Begin PBXBuildFile section */
		9901C23E13F15F6F00A66761 /* UIKit.framework in Frameworks */ = {isa = PBXBuildFile; fileRef = 9901C23D13F15F6F00A66761 /* UIKit.framework */; };
		9901C24013F15F6F00A66761 /* Foundation.framework in Frameworks */ = {isa = PBXBuildFile; fileRef = 9901C23F13F15F6F00A66761 /* Foundation.framework */; };
		9901C24213F15F6F00A66761 /* CoreGraphics.framework in Frameworks */ = {isa = PBXBuildFile; fileRef = 9901C24113F15F6F00A66761 /* CoreGraphics.framework */; };
		9901C24813F15F6F00A66761 /* InfoPlist.strings in Resources */ = {isa = PBXBuildFile; fileRef = 9901C24613F15F6F00A66761 /* InfoPlist.strings */; };
		9901C24B13F15F6F00A66761 /* main.m in Sources */ = {isa = PBXBuildFile; fileRef = 9901C24A13F15F6F00A66761 /* main.m */; };
		9901C24E13F15F6F00A66761 /* BollocksAppDelegate.m in Sources */ = {isa = PBXBuildFile; fileRef = 9901C24D13F15F6F00A66761 /* BollocksAppDelegate.m */; };
		9901C25113F15F6F00A66761 /* MainWindow.xib in Resources */ = {isa = PBXBuildFile; fileRef = 9901C24F13F15F6F00A66761 /* MainWindow.xib */; };
		9901C25413F15F6F00A66761 /* RootViewController.m in Sources */ = {isa = PBXBuildFile; fileRef = 9901C25313F15F6F00A66761 /* RootViewController.m */; };
		9901C25713F15F6F00A66761 /* RootViewController.xib in Resources */ = {isa = PBXBuildFile; fileRef = 9901C25513F15F6F00A66761 /* RootViewController.xib */; };
		9901C25E13F15F6F00A66761 /* UIKit.framework in Frameworks */ = {isa = PBXBuildFile; fileRef = 9901C23D13F15F6F00A66761 /* UIKit.framework */; };
		9901C25F13F15F6F00A66761 /* Foundation.framework in Frameworks */ = {isa = PBXBuildFile; fileRef = 9901C23F13F15F6F00A66761 /* Foundation.framework */; };
		9901C26013F15F6F00A66761 /* CoreGraphics.framework in Frameworks */ = {isa = PBXBuildFile; fileRef = 9901C24113F15F6F00A66761 /* CoreGraphics.framework */; };
		9901C26813F15F6F00A66761 /* InfoPlist.strings in Resources */ = {isa = PBXBuildFile; fileRef = 9901C26613F15F6F00A66761 /* InfoPlist.strings */; };
		9901C26B13F15F7000A66761 /* BollocksTests.h in Resources */ = {isa = PBXBuildFile; fileRef = 9901C26A13F15F7000A66761 /* BollocksTests.h */; };
		9901C26D13F15F7000A66761 /* BollocksTests.m in Sources */ = {isa = PBXBuildFile; fileRef = 9901C26C13F15F7000A66761 /* BollocksTests.m */; };
/* End PBXBuildFile section */

/* Begin PBXContainerItemProxy section */
		9901C26113F15F6F00A66761 /* PBXContainerItemProxy */ = {
			isa = PBXContainerItemProxy;
			containerPortal = 9901C23013F15F6F00A66761 /* Project object */;
			proxyType = 1;
			remoteGlobalIDString = 9901C23813F15F6F00A66761;
			remoteInfo = Bollocks;
		};
/* End PBXContainerItemProxy section */

/* Begin PBXFileReference section */
		9901C23913F15F6F00A66761 /* Bollocks.app */ = {isa = PBXFileReference; explicitFileType = wrapper.application; includeInIndex = 0; path = Bollocks.app; sourceTree = BUILT_PRODUCTS_DIR; };
		9901C23D13F15F6F00A66761 /* UIKit.framework */ = {isa = PBXFileReference; lastKnownFileType = wrapper.framework; name = UIKit.framework; path = System/Library/Frameworks/UIKit.framework; sourceTree = SDKROOT; };
		9901C23F13F15F6F00A66761 /* Foundation.framework */ = {isa = PBXFileReference; lastKnownFileType = wrapper.framework; name = Foundation.framework; path = System/Library/Frameworks/Foundation.framework; sourceTree = SDKROOT; };
		9901C24113F15F6F00A66761 /* CoreGraphics.framework */ = {isa = PBXFileReference; lastKnownFileType = wrapper.framework; name = CoreGraphics.framework; path = System/Library/Frameworks/CoreGraphics.framework; sourceTree = SDKROOT; };
		9901C24513F15F6F00A66761 /* Bollocks-Info.plist */ = {isa = PBXFileReference; path = "Bollocks-Info.plist"; sourceTree = "<group>"; };
		9901C24713F15F6F00A66761 /* en */ = {isa = PBXFileReference; lastKnownFileType = text.plist.strings; name = en; path = en.lproj/InfoPlist.strings; sourceTree = "<group>"; };
		9901C24913F15F6F00A66761 /* Bollocks-Prefix.pch */ = {isa = PBXFileReference; path = "Bollocks-Prefix.pch"; sourceTree = "<group>"; };
		9901C24A13F15F6F00A66761 /* main.m */ = {isa = PBXFileReference; lastKnownFileType = sourcecode.c.objc; path = main.m; sourceTree = "<group>"; };
		9901C24C13F15F6F00A66761 /* BollocksAppDelegate.h */ = {isa = PBXFileReference; path = BollocksAppDelegate.h; sourceTree = "<group>"; };
		9901C24D13F15F6F00A66761 /* BollocksAppDelegate.m */ = {isa = PBXFileReference; lastKnownFileType = sourcecode.c.objc; path = BollocksAppDelegate.m; sourceTree = "<group>"; };
		9901C25013F15F6F00A66761 /* en */ = {isa = PBXFileReference; lastKnownFileType = file.xib; name = en; path = en.lproj/MainWindow.xib; sourceTree = "<group>"; };
		9901C25213F15F6F00A66761 /* RootViewController.h */ = {isa = PBXFileReference; path = RootViewController.h; sourceTree = "<group>"; };
		9901C25313F15F6F00A66761 /* RootViewController.m */ = {isa = PBXFileReference; lastKnownFileType = sourcecode.c.objc; path = RootViewController.m; sourceTree = "<group>"; };
		9901C25613F15F6F00A66761 /* en */ = {isa = PBXFileReference; lastKnownFileType = file.xib; name = en; path = en.lproj/RootViewController.xib; sourceTree = "<group>"; };
		9901C25D13F15F6F00A66761 /* BollocksTests.octest */ = {isa = PBXFileReference; explicitFileType = wrapper.cfbundle; includeInIndex = 0; path = BollocksTests.octest; sourceTree = BUILT_PRODUCTS_DIR; };
		9901C26513F15F6F00A66761 /* BollocksTests-Info.plist */ = {isa = PBXFileReference; path = "BollocksTests-Info.plist"; sourceTree = "<group>"; };
		9901C26713F15F6F00A66761 /* en */ = {isa = PBXFileReference; lastKnownFileType = text.plist.strings; name = en; path = en.lproj/InfoPlist.strings; sourceTree = "<group>"; };
		9901C26913F15F6F00A66761 /* BollocksTests-Prefix.pch */ = {isa = PBXFileReference; path = "BollocksTests-Prefix.pch"; sourceTree = "<group>"; };
		9901C26A13F15F7000A66761 /* BollocksTests.h */ = {isa = PBXFileReference; lastKnownFileType = sourcecode.c.h; path = BollocksTests.h; sourceTree = "<group>"; };
		9901C26C13F15F7000A66761 /* BollocksTests.m */ = {isa = PBXFileReference; lastKnownFileType = sourcecode.c.objc; path = BollocksTests.m; sourceTree = "<group>"; };
/* End PBXFileReference section */

/* Begin PBXFrameworksBuildPhase section */
		9901C23613F15F6F00A66761 /* Frameworks */ = {
			isa = PBXFrameworksBuildPhase;
			buildActionMask = 2147483647;
			files = (
				9901C23E13F15F6F00A66761 /* UIKit.framework in Frameworks */,
				9901C24013F15F6F00A66761 /* Foundation.framework in Frameworks */,
				9901C24213F15F6F00A66761 /* CoreGraphics.framework in Frameworks */,
			);
			runOnlyForDeploymentPostprocessing = 0;
		};
		9901C25913F15F6F00A66761 /* Frameworks */ = {
			isa = PBXFrameworksBuildPhase;
			buildActionMask = 2147483647;
			files = (
				9901C25E13F15F6F00A66761 /* UIKit.framework in Frameworks */,
				9901C25F13F15F6F00A66761 /* Foundation.framework in Frameworks */,
				9901C26013F15F6F00A66761 /* CoreGraphics.framework in Frameworks */,
			);
			runOnlyForDeploymentPostprocessing = 0;
		};
/* End PBXFrameworksBuildPhase section */

/* Begin PBXGroup section */
		9901C22E13F15F6F00A66761 = {
			isa = PBXGroup;
			children = (
				9901C24313F15F6F00A66761 /* Bollocks */,
				9901C26313F15F6F00A66761 /* BollocksTests */,
				9901C23C13F15F6F00A66761 /* Frameworks */,
				9901C23A13F15F6F00A66761 /* Products */,
			);
			sourceTree = "<group>";
		};
		9901C23A13F15F6F00A66761 /* Products */ = {
			isa = PBXGroup;
			children = (
				9901C23913F15F6F00A66761 /* Bollocks.app */,
				9901C25D13F15F6F00A66761 /* BollocksTests.octest */,
			);
			name = Products;
			sourceTree = "<group>";
		};
		9901C23C13F15F6F00A66761 /* Frameworks */ = {
			isa = PBXGroup;
			children = (
				9901C23D13F15F6F00A66761 /* UIKit.framework */,
				9901C23F13F15F6F00A66761 /* Foundation.framework */,
				9901C24113F15F6F00A66761 /* CoreGraphics.framework */,
			);
			name = Frameworks;
			sourceTree = "<group>";
		};
		9901C24313F15F6F00A66761 /* Bollocks */ = {
			isa = PBXGroup;
			children = (
				9901C24C13F15F6F00A66761 /* BollocksAppDelegate.h */,
				9901C24D13F15F6F00A66761 /* BollocksAppDelegate.m */,
				9901C24F13F15F6F00A66761 /* MainWindow.xib */,
				9901C25213F15F6F00A66761 /* RootViewController.h */,
				9901C25313F15F6F00A66761 /* RootViewController.m */,
				9901C25513F15F6F00A66761 /* RootViewController.xib */,
				9901C24413F15F6F00A66761 /* Supporting Files */,
			);
			path = Bollocks;
			sourceTree = "<group>";
		};
		9901C24413F15F6F00A66761 /* Supporting Files */ = {
			isa = PBXGroup;
			children = (
				9901C24513F15F6F00A66761 /* Bollocks-Info.plist */,
				9901C24613F15F6F00A66761 /* InfoPlist.strings */,
				9901C24913F15F6F00A66761 /* Bollocks-Prefix.pch */,
				9901C24A13F15F6F00A66761 /* main.m */,
			);
			name = "Supporting Files";
			sourceTree = "<group>";
		};
		9901C26313F15F6F00A66761 /* BollocksTests */ = {
			isa = PBXGroup;
			children = (
				9901C26A13F15F7000A66761 /* BollocksTests.h */,
				9901C26C13F15F7000A66761 /* BollocksTests.m */,
				9901C26413F15F6F00A66761 /* Supporting Files */,
			);
			path = BollocksTests;
			sourceTree = "<group>";
		};
		9901C26413F15F6F00A66761 /* Supporting Files */ = {
			isa = PBXGroup;
			children = (
				9901C26513F15F6F00A66761 /* BollocksTests-Info.plist */,
				9901C26613F15F6F00A66761 /* InfoPlist.strings */,
				9901C26913F15F6F00A66761 /* BollocksTests-Prefix.pch */,
			);
			name = "Supporting Files";
			sourceTree = "<group>";
		};
/* End PBXGroup section */

/* Begin PBXNativeTarget section */
		9901C23813F15F6F00A66761 /* Bollocks */ = {
			isa = PBXNativeTarget;
			buildConfigurationList = 9901C27013F15F7000A66761 /* Build configuration list for PBXNativeTarget "Bollocks" */;
			buildPhases = (
				9901C23513F15F6F00A66761 /* Sources */,
				9901C23613F15F6F00A66761 /* Frameworks */,
				9901C23713F15F6F00A66761 /* Resources */,
			);
			buildRules = (
			);
			dependencies = (
			);
			name = Bollocks;
			productName = Bollocks;
			productReference = 9901C23913F15F6F00A66761 /* Bollocks.app */;
			productType = "com.apple.product-type.application";
		};
		9901C25C13F15F6F00A66761 /* BollocksTests */ = {
			isa = PBXNativeTarget;
			buildConfigurationList = 9901C27313F15F7000A66761 /* Build configuration list for PBXNativeTarget "BollocksTests" */;
			buildPhases = (
				9901C25813F15F6F00A66761 /* Sources */,
				9901C25913F15F6F00A66761 /* Frameworks */,
				9901C25A13F15F6F00A66761 /* Resources */,
				9901C25B13F15F6F00A66761 /* ShellScript */,
			);
			buildRules = (
			);
			dependencies = (
				9901C26213F15F6F00A66761 /* PBXTargetDependency */,
			);
			name = BollocksTests;
			productName = BollocksTests;
			productReference = 9901C25D13F15F6F00A66761 /* BollocksTests.octest */;
			productType = "com.apple.product-type.bundle";
		};
/* End PBXNativeTarget section */

/* Begin PBXProject section */
		9901C23013F15F6F00A66761 /* Project object */ = {
			isa = PBXProject;
			buildConfigurationList = 9901C23313F15F6F00A66761 /* Build configuration list for PBXProject "Bollocks" */;
			compatibilityVersion = "Xcode 3.2";
			developmentRegion = English;
			hasScannedForEncodings = 0;
			knownRegions = (
				en,
			);
			mainGroup = 9901C22E13F15F6F00A66761;
			productRefGroup = 9901C23A13F15F6F00A66761 /* Products */;
			projectDirPath = "";
			projectRoot = "";
			targets = (
				9901C23813F15F6F00A66761 /* Bollocks */,
				9901C25C13F15F6F00A66761 /* BollocksTests */,
			);
		};
/* End PBXProject section */

/* Begin PBXResourcesBuildPhase section */
		9901C23713F15F6F00A66761 /* Resources */ = {
			isa = PBXResourcesBuildPhase;
			buildActionMask = 2147483647;
			files = (
				9901C24813F15F6F00A66761 /* InfoPlist.strings in Resources */,
				9901C25113F15F6F00A66761 /* MainWindow.xib in Resources */,
				9901C25713F15F6F00A66761 /* RootViewController.xib in Resources */,
			);
			runOnlyForDeploymentPostprocessing = 0;
		};
		9901C25A13F15F6F00A66761 /* Resources */ = {
			isa = PBXResourcesBuildPhase;
			buildActionMask = 2147483647;
			files = (
				9901C26813F15F6F00A66761 /* InfoPlist.strings in Resources */,
				9901C26B13F15F7000A66761 /* BollocksTests.h in Resources */,
			);
			runOnlyForDeploymentPostprocessing = 0;
		};
/* End PBXResourcesBuildPhase section */

/* Begin PBXShellScriptBuildPhase section */
		9901C25B13F15F6F00A66761 /* ShellScript */ = {
			isa = PBXShellScriptBuildPhase;
			buildActionMask = 2147483647;
			files = (
			);
			inputPaths = (
			);
			outputPaths = (
			);
			runOnlyForDeploymentPostprocessing = 0;
			shellPath = /bin/sh;
			shellScript = "# Run the unit tests in this test bundle.\n\"${SYSTEM_DEVELOPER_DIR}/Tools/RunUnitTests\"\n";
		};
/* End PBXShellScriptBuildPhase section */

/* Begin PBXSourcesBuildPhase section */
		9901C23513F15F6F00A66761 /* Sources */ = {
			isa = PBXSourcesBuildPhase;
			buildActionMask = 2147483647;
			files = (
				9901C24B13F15F6F00A66761 /* main.m in Sources */,
				9901C24E13F15F6F00A66761 /* BollocksAppDelegate.m in Sources */,
				9901C25413F15F6F00A66761 /* RootViewController.m in Sources */,
			);
			runOnlyForDeploymentPostprocessing = 0;
		};
		9901C25813F15F6F00A66761 /* Sources */ = {
			isa = PBXSourcesBuildPhase;
			buildActionMask = 2147483647;
			files = (
				9901C26D13F15F7000A66761 /* BollocksTests.m in Sources */,
			);
			runOnlyForDeploymentPostprocessing = 0;
		};
/* End PBXSourcesBuildPhase section */

/* Begin PBXTargetDependency section */
		9901C26213F15F6F00A66761 /* PBXTargetDependency */ = {
			isa = PBXTargetDependency;
			target = 9901C23813F15F6F00A66761 /* Bollocks */;
			targetProxy = 9901C26113F15F6F00A66761 /* PBXContainerItemProxy */;
		};
/* End PBXTargetDependency section */

/* Begin PBXVariantGroup section */
		9901C24613F15F6F00A66761 /* InfoPlist.strings */ = {
			isa = PBXVariantGroup;
			children = (
				9901C24713F15F6F00A66761 /* en */,
			);
			name = InfoPlist.strings;
			sourceTree = "<group>";
		};
		9901C24F13F15F6F00A66761 /* MainWindow.xib */ = {
			isa = PBXVariantGroup;
			children = (
				9901C25013F15F6F00A66761 /* en */,
			);
			name = MainWindow.xib;
			sourceTree = "<group>";
		};
		9901C25513F15F6F00A66761 /* RootViewController.xib */ = {
			isa = PBXVariantGroup;
			children = (
				9901C25613F15F6F00A66761 /* en */,
			);
			name = RootViewController.xib;
			sourceTree = "<group>";
		};
		9901C26613F15F6F00A66761 /* InfoPlist.strings */ = {
			isa = PBXVariantGroup;
			children = (
				9901C26713F15F6F00A66761 /* en */,
			);
			name = InfoPlist.strings;
			sourceTree = "<group>";
		};
/* End PBXVariantGroup section */

/* Begin XCBuildConfiguration section */
		9901C26E13F15F7000A66761 /* Debug */ = {
			isa = XCBuildConfiguration;
			buildSettings = {
				ARCHS = "$(ARCHS_STANDARD_32_BIT)";
				"CODE_SIGN_IDENTITY[sdk=iphoneos*]" = "iPhone Developer";
				GCC_C_LANGUAGE_STANDARD = gnu99;
				GCC_OPTIMIZATION_LEVEL = 0;
				GCC_PREPROCESSOR_DEFINITIONS = DEBUG;
				GCC_SYMBOLS_PRIVATE_EXTERN = NO;
				GCC_VERSION = com.apple.compilers.llvmgcc42;
				GCC_WARN_ABOUT_RETURN_TYPE = YES;
				GCC_WARN_UNUSED_VARIABLE = YES;
				IPHONEOS_DEPLOYMENT_TARGET = 4.3;
				SDKROOT = iphoneos;
			};
			name = Debug;
		};
		9901C26F13F15F7000A66761 /* Release */ = {
			isa = XCBuildConfiguration;
			buildSettings = {
				ARCHS = "$(ARCHS_STANDARD_32_BIT)";
				"CODE_SIGN_IDENTITY[sdk=iphoneos*]" = "iPhone Developer";
				GCC_C_LANGUAGE_STANDARD = gnu99;
				GCC_VERSION = com.apple.compilers.llvmgcc42;
				GCC_WARN_ABOUT_RETURN_TYPE = YES;
				GCC_WARN_UNUSED_VARIABLE = YES;
				IPHONEOS_DEPLOYMENT_TARGET = 4.3;
				OTHER_CFLAGS = "-DNS_BLOCK_ASSERTIONS=1";
				SDKROOT = iphoneos;
			};
			name = Release;
		};
		9901C27113F15F7000A66761 /* Debug */ = {
			isa = XCBuildConfiguration;
			buildSettings = {
				ALWAYS_SEARCH_USER_PATHS = NO;
				COPY_PHASE_STRIP = NO;
				GCC_DYNAMIC_NO_PIC = NO;
				GCC_PRECOMPILE_PREFIX_HEADER = YES;
				GCC_PREFIX_HEADER = "Bollocks/Bollocks-Prefix.pch";
				INFOPLIST_FILE = "Bollocks/Bollocks-Info.plist";
				PRODUCT_NAME = "$(TARGET_NAME)";
				WRAPPER_EXTENSION = app;
			};
			name = Debug;
		};
		9901C27213F15F7000A66761 /* Release */ = {
			isa = XCBuildConfiguration;
			buildSettings = {
				ALWAYS_SEARCH_USER_PATHS = NO;
				COPY_PHASE_STRIP = YES;
				GCC_PRECOMPILE_PREFIX_HEADER = YES;
				GCC_PREFIX_HEADER = "Bollocks/Bollocks-Prefix.pch";
				INFOPLIST_FILE = "Bollocks/Bollocks-Info.plist";
				PRODUCT_NAME = "$(TARGET_NAME)";
				VALIDATE_PRODUCT = YES;
				WRAPPER_EXTENSION = app;
			};
			name = Release;
		};
		9901C27413F15F7000A66761 /* Debug */ = {
			isa = XCBuildConfiguration;
			buildSettings = {
				ALWAYS_SEARCH_USER_PATHS = NO;
				BUNDLE_LOADER = "$(BUILT_PRODUCTS_DIR)/Bollocks.app/Bollocks";
				FRAMEWORK_SEARCH_PATHS = (
					"$(SDKROOT)/Developer/Library/Frameworks",
					"$(DEVELOPER_LIBRARY_DIR)/Frameworks",
				);
				GCC_PRECOMPILE_PREFIX_HEADER = YES;
				GCC_PREFIX_HEADER = "BollocksTests/BollocksTests-Prefix.pch";
				INFOPLIST_FILE = "BollocksTests/BollocksTests-Info.plist";
				OTHER_LDFLAGS = (
					"-framework",
					SenTestingKit,
				);
				PRODUCT_NAME = "$(TARGET_NAME)";
				TEST_HOST = "$(BUNDLE_LOADER)";
				WRAPPER_EXTENSION = octest;
			};
			name = Debug;
		};
		9901C27513F15F7000A66761 /* Release */ = {
			isa = XCBuildConfiguration;
			buildSettings = {
				ALWAYS_SEARCH_USER_PATHS = NO;
				BUNDLE_LOADER = "$(BUILT_PRODUCTS_DIR)/Bollocks.app/Bollocks";
				FRAMEWORK_SEARCH_PATHS = (
					"$(SDKROOT)/Developer/Library/Frameworks",
					"$(DEVELOPER_LIBRARY_DIR)/Frameworks",
				);
				GCC_PRECOMPILE_PREFIX_HEADER = YES;
				GCC_PREFIX_HEADER = "BollocksTests/BollocksTests-Prefix.pch";
				INFOPLIST_FILE = "BollocksTests/BollocksTests-Info.plist";
				OTHER_LDFLAGS = (
					"-framework",
					SenTestingKit,
				);
				PRODUCT_NAME = "$(TARGET_NAME)";
				TEST_HOST = "$(BUNDLE_LOADER)";
				WRAPPER_EXTENSION = octest;
			};
			name = Release;
		};
/* End XCBuildConfiguration section */

/* Begin XCConfigurationList section */
		9901C23313F15F6F00A66761 /* Build configuration list for PBXProject "Bollocks" */ = {
			isa = XCConfigurationList;
			buildConfigurations = (
				9901C26E13F15F7000A66761 /* Debug */,
				9901C26F13F15F7000A66761 /* Release */,
			);
			defaultConfigurationIsVisible = 0;
			defaultConfigurationName = Release;
		};
		9901C27013F15F7000A66761 /* Build configuration list for PBXNativeTarget "Bollocks" */ = {
			isa = XCConfigurationList;
			buildConfigurations = (
				9901C27113F15F7000A66761 /* Debug */,
				9901C27213F15F7000A66761 /* Release */,
			);
			defaultConfigurationIsVisible = 0;
		};
		9901C27313F15F7000A66761 /* Build configuration list for PBXNativeTarget "BollocksTests" */ = {
			isa = XCConfigurationList;
			buildConfigurations = (
				9901C27413F15F7000A66761 /* Debug */,
				9901C27513F15F7000A66761 /* Release */,
			);
			defaultConfigurationIsVisible = 0;
		};
/* End XCConfigurationList section */
	};
	rootObject = 9901C23013F15F6F00A66761 /* Project object */;
}
