// !$*UTF8*$!
{
	archiveVersion = 1;
	classes = {
	};
	objectVersion = 46;
	objects = {

/* Begin PBXBuildFile section */
		9949C67513F306F500435EBF /* UIKit.framework in Frameworks */ = {isa = PBXBuildFile; fileRef = 9949C67413F306F500435EBF /* UIKit.framework */; };
		9949C67713F306F500435EBF /* Foundation.framework in Frameworks */ = {isa = PBXBuildFile; fileRef = 9949C67613F306F500435EBF /* Foundation.framework */; };
		9949C67913F306F500435EBF /* CoreGraphics.framework in Frameworks */ = {isa = PBXBuildFile; fileRef = 9949C67813F306F500435EBF /* CoreGraphics.framework */; };
		9949C67F13F306F500435EBF /* InfoPlist.strings in Resources */ = {isa = PBXBuildFile; fileRef = 9949C67D13F306F500435EBF /* InfoPlist.strings */; };
		9949C68213F306F500435EBF /* main.m in Sources */ = {isa = PBXBuildFile; fileRef = 9949C68113F306F500435EBF /* main.m */; };
		9949C68513F306F500435EBF /* QuizAppDelegate.m in Sources */ = {isa = PBXBuildFile; fileRef = 9949C68413F306F500435EBF /* QuizAppDelegate.m */; };
		9949C68813F306F500435EBF /* MainWindow.xib in Resources */ = {isa = PBXBuildFile; fileRef = 9949C68613F306F500435EBF /* MainWindow.xib */; };
/* End PBXBuildFile section */

/* Begin PBXFileReference section */
		9949C67013F306F500435EBF /* Quiz.app */ = {isa = PBXFileReference; explicitFileType = wrapper.application; includeInIndex = 0; path = Quiz.app; sourceTree = BUILT_PRODUCTS_DIR; };
		9949C67413F306F500435EBF /* UIKit.framework */ = {isa = PBXFileReference; lastKnownFileType = wrapper.framework; name = UIKit.framework; path = System/Library/Frameworks/UIKit.framework; sourceTree = SDKROOT; };
		9949C67613F306F500435EBF /* Foundation.framework */ = {isa = PBXFileReference; lastKnownFileType = wrapper.framework; name = Foundation.framework; path = System/Library/Frameworks/Foundation.framework; sourceTree = SDKROOT; };
		9949C67813F306F500435EBF /* CoreGraphics.framework */ = {isa = PBXFileReference; lastKnownFileType = wrapper.framework; name = CoreGraphics.framework; path = System/Library/Frameworks/CoreGraphics.framework; sourceTree = SDKROOT; };
		9949C67C13F306F500435EBF /* Quiz-Info.plist */ = {isa = PBXFileReference; path = "Quiz-Info.plist"; sourceTree = "<group>"; };
		9949C67E13F306F500435EBF /* en */ = {isa = PBXFileReference; lastKnownFileType = text.plist.strings; name = en; path = en.lproj/InfoPlist.strings; sourceTree = "<group>"; };
		9949C68013F306F500435EBF /* Quiz-Prefix.pch */ = {isa = PBXFileReference; path = "Quiz-Prefix.pch"; sourceTree = "<group>"; };
		9949C68113F306F500435EBF /* main.m */ = {isa = PBXFileReference; lastKnownFileType = sourcecode.c.objc; path = main.m; sourceTree = "<group>"; };
		9949C68313F306F500435EBF /* QuizAppDelegate.h */ = {isa = PBXFileReference; path = QuizAppDelegate.h; sourceTree = "<group>"; };
		9949C68413F306F500435EBF /* QuizAppDelegate.m */ = {isa = PBXFileReference; lastKnownFileType = sourcecode.c.objc; path = QuizAppDelegate.m; sourceTree = "<group>"; };
		9949C68713F306F500435EBF /* en */ = {isa = PBXFileReference; lastKnownFileType = file.xib; name = en; path = en.lproj/MainWindow.xib; sourceTree = "<group>"; };
/* End PBXFileReference section */

/* Begin PBXFrameworksBuildPhase section */
		9949C66D13F306F500435EBF /* Frameworks */ = {
			isa = PBXFrameworksBuildPhase;
			buildActionMask = 2147483647;
			files = (
				9949C67513F306F500435EBF /* UIKit.framework in Frameworks */,
				9949C67713F306F500435EBF /* Foundation.framework in Frameworks */,
				9949C67913F306F500435EBF /* CoreGraphics.framework in Frameworks */,
			);
			runOnlyForDeploymentPostprocessing = 0;
		};
/* End PBXFrameworksBuildPhase section */

/* Begin PBXGroup section */
		9949C66513F306F500435EBF = {
			isa = PBXGroup;
			children = (
				9949C67A13F306F500435EBF /* Quiz */,
				9949C67313F306F500435EBF /* Frameworks */,
				9949C67113F306F500435EBF /* Products */,
			);
			sourceTree = "<group>";
		};
		9949C67113F306F500435EBF /* Products */ = {
			isa = PBXGroup;
			children = (
				9949C67013F306F500435EBF /* Quiz.app */,
			);
			name = Products;
			sourceTree = "<group>";
		};
		9949C67313F306F500435EBF /* Frameworks */ = {
			isa = PBXGroup;
			children = (
				9949C67413F306F500435EBF /* UIKit.framework */,
				9949C67613F306F500435EBF /* Foundation.framework */,
				9949C67813F306F500435EBF /* CoreGraphics.framework */,
			);
			name = Frameworks;
			sourceTree = "<group>";
		};
		9949C67A13F306F500435EBF /* Quiz */ = {
			isa = PBXGroup;
			children = (
				9949C68313F306F500435EBF /* QuizAppDelegate.h */,
				9949C68413F306F500435EBF /* QuizAppDelegate.m */,
				9949C68613F306F500435EBF /* MainWindow.xib */,
				9949C67B13F306F500435EBF /* Supporting Files */,
			);
			path = Quiz;
			sourceTree = "<group>";
		};
		9949C67B13F306F500435EBF /* Supporting Files */ = {
			isa = PBXGroup;
			children = (
				9949C67C13F306F500435EBF /* Quiz-Info.plist */,
				9949C67D13F306F500435EBF /* InfoPlist.strings */,
				9949C68013F306F500435EBF /* Quiz-Prefix.pch */,
				9949C68113F306F500435EBF /* main.m */,
			);
			name = "Supporting Files";
			sourceTree = "<group>";
		};
/* End PBXGroup section */

/* Begin PBXNativeTarget section */
		9949C66F13F306F500435EBF /* Quiz */ = {
			isa = PBXNativeTarget;
			buildConfigurationList = 9949C68B13F306F500435EBF /* Build configuration list for PBXNativeTarget "Quiz" */;
			buildPhases = (
				9949C66C13F306F500435EBF /* Sources */,
				9949C66D13F306F500435EBF /* Frameworks */,
				9949C66E13F306F500435EBF /* Resources */,
			);
			buildRules = (
			);
			dependencies = (
			);
			name = Quiz;
			productName = Quiz;
			productReference = 9949C67013F306F500435EBF /* Quiz.app */;
			productType = "com.apple.product-type.application";
		};
/* End PBXNativeTarget section */

/* Begin PBXProject section */
		9949C66713F306F500435EBF /* Project object */ = {
			isa = PBXProject;
			buildConfigurationList = 9949C66A13F306F500435EBF /* Build configuration list for PBXProject "Quiz" */;
			compatibilityVersion = "Xcode 3.2";
			developmentRegion = English;
			hasScannedForEncodings = 0;
			knownRegions = (
				en,
			);
			mainGroup = 9949C66513F306F500435EBF;
			productRefGroup = 9949C67113F306F500435EBF /* Products */;
			projectDirPath = "";
			projectRoot = "";
			targets = (
				9949C66F13F306F500435EBF /* Quiz */,
			);
		};
/* End PBXProject section */

/* Begin PBXResourcesBuildPhase section */
		9949C66E13F306F500435EBF /* Resources */ = {
			isa = PBXResourcesBuildPhase;
			buildActionMask = 2147483647;
			files = (
				9949C67F13F306F500435EBF /* InfoPlist.strings in Resources */,
				9949C68813F306F500435EBF /* MainWindow.xib in Resources */,
			);
			runOnlyForDeploymentPostprocessing = 0;
		};
/* End PBXResourcesBuildPhase section */

/* Begin PBXSourcesBuildPhase section */
		9949C66C13F306F500435EBF /* Sources */ = {
			isa = PBXSourcesBuildPhase;
			buildActionMask = 2147483647;
			files = (
				9949C68213F306F500435EBF /* main.m in Sources */,
				9949C68513F306F500435EBF /* QuizAppDelegate.m in Sources */,
			);
			runOnlyForDeploymentPostprocessing = 0;
		};
/* End PBXSourcesBuildPhase section */

/* Begin PBXVariantGroup section */
		9949C67D13F306F500435EBF /* InfoPlist.strings */ = {
			isa = PBXVariantGroup;
			children = (
				9949C67E13F306F500435EBF /* en */,
			);
			name = InfoPlist.strings;
			sourceTree = "<group>";
		};
		9949C68613F306F500435EBF /* MainWindow.xib */ = {
			isa = PBXVariantGroup;
			children = (
				9949C68713F306F500435EBF /* en */,
			);
			name = MainWindow.xib;
			sourceTree = "<group>";
		};
/* End PBXVariantGroup section */

/* Begin XCBuildConfiguration section */
		9949C68913F306F500435EBF /* Debug */ = {
			isa = XCBuildConfiguration;
			buildSettings = {
				ARCHS = "$(ARCHS_STANDARD_32_BIT)";
				"CODE_SIGN_IDENTITY[sdk=iphoneos*]" = "iPhone Developer";
				GCC_C_LANGUAGE_STANDARD = gnu99;
				GCC_OPTIMIZATION_LEVEL = 0;
				GCC_PREPROCESSOR_DEFINITIONS = DEBUG;
				GCC_SYMBOLS_PRIVATE_EXTERN = NO;
				GCC_VERSION = com.apple.compilers.llvmgcc42;
				GCC_WARN_ABOUT_RETURN_TYPE = YES;
				GCC_WARN_UNUSED_VARIABLE = YES;
				IPHONEOS_DEPLOYMENT_TARGET = 4.3;
				SDKROOT = iphoneos;
			};
			name = Debug;
		};
		9949C68A13F306F500435EBF /* Release */ = {
			isa = XCBuildConfiguration;
			buildSettings = {
				ARCHS = "$(ARCHS_STANDARD_32_BIT)";
				"CODE_SIGN_IDENTITY[sdk=iphoneos*]" = "iPhone Developer";
				GCC_C_LANGUAGE_STANDARD = gnu99;
				GCC_VERSION = com.apple.compilers.llvmgcc42;
				GCC_WARN_ABOUT_RETURN_TYPE = YES;
				GCC_WARN_UNUSED_VARIABLE = YES;
				IPHONEOS_DEPLOYMENT_TARGET = 4.3;
				OTHER_CFLAGS = "-DNS_BLOCK_ASSERTIONS=1";
				SDKROOT = iphoneos;
			};
			name = Release;
		};
		9949C68C13F306F500435EBF /* Debug */ = {
			isa = XCBuildConfiguration;
			buildSettings = {
				ALWAYS_SEARCH_USER_PATHS = NO;
				COPY_PHASE_STRIP = NO;
				GCC_DYNAMIC_NO_PIC = NO;
				GCC_PRECOMPILE_PREFIX_HEADER = YES;
				GCC_PREFIX_HEADER = "Quiz/Quiz-Prefix.pch";
				INFOPLIST_FILE = "Quiz/Quiz-Info.plist";
				PRODUCT_NAME = "$(TARGET_NAME)";
				WRAPPER_EXTENSION = app;
			};
			name = Debug;
		};
		9949C68D13F306F500435EBF /* Release */ = {
			isa = XCBuildConfiguration;
			buildSettings = {
				ALWAYS_SEARCH_USER_PATHS = NO;
				COPY_PHASE_STRIP = YES;
				GCC_PRECOMPILE_PREFIX_HEADER = YES;
				GCC_PREFIX_HEADER = "Quiz/Quiz-Prefix.pch";
				INFOPLIST_FILE = "Quiz/Quiz-Info.plist";
				PRODUCT_NAME = "$(TARGET_NAME)";
				VALIDATE_PRODUCT = YES;
				WRAPPER_EXTENSION = app;
			};
			name = Release;
		};
/* End XCBuildConfiguration section */

/* Begin XCConfigurationList section */
		9949C66A13F306F500435EBF /* Build configuration list for PBXProject "Quiz" */ = {
			isa = XCConfigurationList;
			buildConfigurations = (
				9949C68913F306F500435EBF /* Debug */,
				9949C68A13F306F500435EBF /* Release */,
			);
			defaultConfigurationIsVisible = 0;
			defaultConfigurationName = Release;
		};
		9949C68B13F306F500435EBF /* Build configuration list for PBXNativeTarget "Quiz" */ = {
			isa = XCConfigurationList;
			buildConfigurations = (
				9949C68C13F306F500435EBF /* Debug */,
				9949C68D13F306F500435EBF /* Release */,
			);
			defaultConfigurationIsVisible = 0;
		};
/* End XCConfigurationList section */
	};
	rootObject = 9949C66713F306F500435EBF /* Project object */;
}
